
Microsoft Visual Studio Solution File, Format Version 12.00
# Visual Studio Version 16
VisualStudioVersion = 16.0.31605.320
MinimumVisualStudioVersion = 10.0.40219.1
Project("{FAE04EC0-301F-11D3-BF4B-00C04F79EFBC}") = "Transport_task", "Transport_task\Transport_task.csproj", "{280052CF-3220-47CA-9CF5-5986D9F19E0B}"
EndProject
Global
	GlobalSection(SolutionConfigurationPlatforms) = preSolution
		Debug|Any CPU = Debug|Any CPU
		Release|Any CPU = Release|Any CPU
	EndGlobalSection
	GlobalSection(ProjectConfigurationPlatforms) = postSolution
		{280052CF-3220-47CA-9CF5-5986D9F19E0B}.Debug|Any CPU.ActiveCfg = Debug|Any CPU
		{280052CF-3220-47CA-9CF5-5986D9F19E0B}.Debug|Any CPU.Build.0 = Debug|Any CPU
		{280052CF-3220-47CA-9CF5-5986D9F19E0B}.Release|Any CPU.ActiveCfg = Release|Any CPU
		{280052CF-3220-47CA-9CF5-5986D9F19E0B}.Release|Any CPU.Build.0 = Release|Any CPU
	EndGlobalSection
	GlobalSection(SolutionProperties) = preSolution
		HideSolutionNode = FALSE
	EndGlobalSection
	GlobalSection(ExtensibilityGlobals) = postSolution
		SolutionGuid = {89FBD402-65FF-407A-8281-03D387E0C8FC}
	EndGlobalSection
EndGlobal
